
Microsoft Visual Studio Solution File, Format Version 12.00
# Visual Studio Version 16
VisualStudioVersion = 16.0.31624.102
MinimumVisualStudioVersion = 10.0.40219.1
Project("{FAE04EC0-301F-11D3-BF4B-00C04F79EFBC}") = "Calculator_B5_39", "Calculator_B5_39.csproj", "{AC690230-F407-4FE0-B50A-9D103CA36D54}"
EndProject
Global
	GlobalSection(SolutionConfigurationPlatforms) = preSolution
		Debug|Any CPU = Debug|Any CPU
		Release|Any CPU = Release|Any CPU
	EndGlobalSection
	GlobalSection(ProjectConfigurationPlatforms) = postSolution
		{AC690230-F407-4FE0-B50A-9D103CA36D54}.Debug|Any CPU.ActiveCfg = Debug|Any CPU
		{AC690230-F407-4FE0-B50A-9D103CA36D54}.Debug|Any CPU.Build.0 = Debug|Any CPU
		{AC690230-F407-4FE0-B50A-9D103CA36D54}.Release|Any CPU.ActiveCfg = Release|Any CPU
		{AC690230-F407-4FE0-B50A-9D103CA36D54}.Release|Any CPU.Build.0 = Release|Any CPU
	EndGlobalSection
	GlobalSection(SolutionProperties) = preSolution
		HideSolutionNode = FALSE
	EndGlobalSection
	GlobalSection(ExtensibilityGlobals) = postSolution
		SolutionGuid = {8713F7E5-9666-4355-9B6A-91D4D2C76821}
	EndGlobalSection
EndGlobal
